
Microsoft Visual Studio Solution File, Format Version 12.00
# Visual Studio 15
VisualStudioVersion = 15.0.28307.539
MinimumVisualStudioVersion = 10.0.40219.1
Project("{FAE04EC0-301F-11D3-BF4B-00C04F79EFBC}") = "DesktopApp", "DesktopApp\DesktopApp.csproj", "{0AF514FA-1175-438B-9E2B-1DB13F9AC38E}"
EndProject
Project("{FAE04EC0-301F-11D3-BF4B-00C04F79EFBC}") = "Model", "Model\Model.csproj", "{3A31A061-8FB0-4D46-A8C8-6B18FD9E3552}"
EndProject
Project("{FAE04EC0-301F-11D3-BF4B-00C04F79EFBC}") = "Model.Test", "Model.Test\Model.Test.csproj", "{94F93E26-C781-4BED-B9EE-F7CE81D0B170}"
EndProject
Global
	GlobalSection(SolutionConfigurationPlatforms) = preSolution
		Debug|Any CPU = Debug|Any CPU
		Release|Any CPU = Release|Any CPU
	EndGlobalSection
	GlobalSection(ProjectConfigurationPlatforms) = postSolution
		{0AF514FA-1175-438B-9E2B-1DB13F9AC38E}.Debug|Any CPU.ActiveCfg = Debug|Any CPU
		{0AF514FA-1175-438B-9E2B-1DB13F9AC38E}.Debug|Any CPU.Build.0 = Debug|Any CPU
		{0AF514FA-1175-438B-9E2B-1DB13F9AC38E}.Release|Any CPU.ActiveCfg = Release|Any CPU
		{0AF514FA-1175-438B-9E2B-1DB13F9AC38E}.Release|Any CPU.Build.0 = Release|Any CPU
		{3A31A061-8FB0-4D46-A8C8-6B18FD9E3552}.Debug|Any CPU.ActiveCfg = Debug|Any CPU
		{3A31A061-8FB0-4D46-A8C8-6B18FD9E3552}.Debug|Any CPU.Build.0 = Debug|Any CPU
		{3A31A061-8FB0-4D46-A8C8-6B18FD9E3552}.Release|Any CPU.ActiveCfg = Release|Any CPU
		{3A31A061-8FB0-4D46-A8C8-6B18FD9E3552}.Release|Any CPU.Build.0 = Release|Any CPU
		{94F93E26-C781-4BED-B9EE-F7CE81D0B170}.Debug|Any CPU.ActiveCfg = Debug|Any CPU
		{94F93E26-C781-4BED-B9EE-F7CE81D0B170}.Debug|Any CPU.Build.0 = Debug|Any CPU
		{94F93E26-C781-4BED-B9EE-F7CE81D0B170}.Release|Any CPU.ActiveCfg = Release|Any CPU
		{94F93E26-C781-4BED-B9EE-F7CE81D0B170}.Release|Any CPU.Build.0 = Release|Any CPU
	EndGlobalSection
	GlobalSection(SolutionProperties) = preSolution
		HideSolutionNode = FALSE
	EndGlobalSection
	GlobalSection(ExtensibilityGlobals) = postSolution
		SolutionGuid = {F6BF1955-B821-4D93-9AC1-A90CFEBC8B26}
	EndGlobalSection
EndGlobal
